# This file was generated by Aiken
# You typically do not need to edit this file

[[requirements]]
name = "aiken-lang/stdlib"
version = "4ec9bde9119aa7dbb466459d0b2224ed51d61c4a"
source = "github"

[[packages]]
name = "aiken-lang/stdlib"
version = "4ec9bde9119aa7dbb466459d0b2224ed51d61c4a"
requirements = []
source = "github"
