# This file was generated by Aiken
# You typically do not need to edit this file

[[requirements]]
name = "aiken-lang/stdlib"
version = "1e82ccd5d30d68615b6c0f3b84947b5e93f23549"
source = "github"

[[packages]]
name = "aiken-lang/stdlib"
version = "1e82ccd5d30d68615b6c0f3b84947b5e93f23549"
requirements = []
source = "github"
