# This file was generated by Aiken
# You typically do not need to edit this file

[[requirements]]
name = "aiken-lang/stdlib"
version = "1b335e309ca3fff742db9277364aa3f056ee38be"
source = "github"

[[packages]]
name = "aiken-lang/stdlib"
version = "1b335e309ca3fff742db9277364aa3f056ee38be"
requirements = []
source = "github"
